// !$*UTF8*$!
{
	archiveVersion = 1;
	classes = {
	};
	objectVersion = 46;
	objects = {

/* Begin PBXBuildFile section */
		17F735C575DBB4BF93E3E9F3 /* Pods_BlueTrailTestTests.framework in Frameworks */ = {isa = PBXBuildFile; fileRef = 926874FF7F767A26B497B29A /* Pods_BlueTrailTestTests.framework */; };
		3240B93F8A7D04105C5C94C1 /* Pods_BlueTrailTestUITests.framework in Frameworks */ = {isa = PBXBuildFile; fileRef = F021EAF8AA5B0A127E0FEC69 /* Pods_BlueTrailTestUITests.framework */; };
		481698FC6E96656896345E3C /* Pods_BlueTrailTest.framework in Frameworks */ = {isa = PBXBuildFile; fileRef = 8283BC16C6AA518195E7B6C1 /* Pods_BlueTrailTest.framework */; };
		DD04BF741DC2E85C00A201F4 /* TableViewController.swift in Sources */ = {isa = PBXBuildFile; fileRef = DD04BF731DC2E85C00A201F4 /* TableViewController.swift */; };
		DD04BF761DC2ECAF00A201F4 /* Weather.swift in Sources */ = {isa = PBXBuildFile; fileRef = DD04BF751DC2ECAF00A201F4 /* Weather.swift */; };
		DD4DD1DC1DC2DE65004640F6 /* AppDelegate.swift in Sources */ = {isa = PBXBuildFile; fileRef = DD4DD1DB1DC2DE65004640F6 /* AppDelegate.swift */; };
		DD4DD1E11DC2DE65004640F6 /* Main.storyboard in Resources */ = {isa = PBXBuildFile; fileRef = DD4DD1DF1DC2DE65004640F6 /* Main.storyboard */; };
		DD4DD1E31DC2DE65004640F6 /* Assets.xcassets in Resources */ = {isa = PBXBuildFile; fileRef = DD4DD1E21DC2DE65004640F6 /* Assets.xcassets */; };
		DD4DD1E61DC2DE65004640F6 /* LaunchScreen.storyboard in Resources */ = {isa = PBXBuildFile; fileRef = DD4DD1E41DC2DE65004640F6 /* LaunchScreen.storyboard */; };
		DD4DD1F11DC2DE65004640F6 /* BlueTrailTestTests.swift in Sources */ = {isa = PBXBuildFile; fileRef = DD4DD1F01DC2DE65004640F6 /* BlueTrailTestTests.swift */; };
		DD4DD1FC1DC2DE65004640F6 /* BlueTrailTestUITests.swift in Sources */ = {isa = PBXBuildFile; fileRef = DD4DD1FB1DC2DE65004640F6 /* BlueTrailTestUITests.swift */; };
		DD70BC6E1DD8D3E300499BCA /* auxFunctions.swift in Sources */ = {isa = PBXBuildFile; fileRef = DD70BC6D1DD8D3E300499BCA /* auxFunctions.swift */; };
		DD70BC701DD90C2B00499BCA /* DetailViewController.swift in Sources */ = {isa = PBXBuildFile; fileRef = DD70BC6F1DD90C2B00499BCA /* DetailViewController.swift */; };
/* End PBXBuildFile section */

/* Begin PBXContainerItemProxy section */
		DD4DD1ED1DC2DE65004640F6 /* PBXContainerItemProxy */ = {
			isa = PBXContainerItemProxy;
			containerPortal = DD4DD1D01DC2DE65004640F6 /* Project object */;
			proxyType = 1;
			remoteGlobalIDString = DD4DD1D71DC2DE65004640F6;
			remoteInfo = BlueTrailTest;
		};
		DD4DD1F81DC2DE65004640F6 /* PBXContainerItemProxy */ = {
			isa = PBXContainerItemProxy;
			containerPortal = DD4DD1D01DC2DE65004640F6 /* Project object */;
			proxyType = 1;
			remoteGlobalIDString = DD4DD1D71DC2DE65004640F6;
			remoteInfo = BlueTrailTest;
		};
/* End PBXContainerItemProxy section */

/* Begin PBXFileReference section */
		064CF2CE5489097905550768 /* Pods-BlueTrailTestTests.debug.xcconfig */ = {isa = PBXFileReference; includeInIndex = 1; lastKnownFileType = text.xcconfig; name = "Pods-BlueTrailTestTests.debug.xcconfig"; path = "Pods/Target Support Files/Pods-BlueTrailTestTests/Pods-BlueTrailTestTests.debug.xcconfig"; sourceTree = "<group>"; };
		8283BC16C6AA518195E7B6C1 /* Pods_BlueTrailTest.framework */ = {isa = PBXFileReference; explicitFileType = wrapper.framework; includeInIndex = 0; path = Pods_BlueTrailTest.framework; sourceTree = BUILT_PRODUCTS_DIR; };
		926874FF7F767A26B497B29A /* Pods_BlueTrailTestTests.framework */ = {isa = PBXFileReference; explicitFileType = wrapper.framework; includeInIndex = 0; path = Pods_BlueTrailTestTests.framework; sourceTree = BUILT_PRODUCTS_DIR; };
		CD269C9873677EDF39B9D60F /* Pods-BlueTrailTestUITests.release.xcconfig */ = {isa = PBXFileReference; includeInIndex = 1; lastKnownFileType = text.xcconfig; name = "Pods-BlueTrailTestUITests.release.xcconfig"; path = "Pods/Target Support Files/Pods-BlueTrailTestUITests/Pods-BlueTrailTestUITests.release.xcconfig"; sourceTree = "<group>"; };
		D73CAC5F99332295BEC248AF /* Pods-BlueTrailTest.debug.xcconfig */ = {isa = PBXFileReference; includeInIndex = 1; lastKnownFileType = text.xcconfig; name = "Pods-BlueTrailTest.debug.xcconfig"; path = "Pods/Target Support Files/Pods-BlueTrailTest/Pods-BlueTrailTest.debug.xcconfig"; sourceTree = "<group>"; };
		DA738038A3BD61D043546A5B /* Pods-BlueTrailTestUITests.debug.xcconfig */ = {isa = PBXFileReference; includeInIndex = 1; lastKnownFileType = text.xcconfig; name = "Pods-BlueTrailTestUITests.debug.xcconfig"; path = "Pods/Target Support Files/Pods-BlueTrailTestUITests/Pods-BlueTrailTestUITests.debug.xcconfig"; sourceTree = "<group>"; };
		DC467921E3321B01DD220410 /* Pods-BlueTrailTestTests.release.xcconfig */ = {isa = PBXFileReference; includeInIndex = 1; lastKnownFileType = text.xcconfig; name = "Pods-BlueTrailTestTests.release.xcconfig"; path = "Pods/Target Support Files/Pods-BlueTrailTestTests/Pods-BlueTrailTestTests.release.xcconfig"; sourceTree = "<group>"; };
		DD04BF731DC2E85C00A201F4 /* TableViewController.swift */ = {isa = PBXFileReference; fileEncoding = 4; lastKnownFileType = sourcecode.swift; path = TableViewController.swift; sourceTree = "<group>"; };
		DD04BF751DC2ECAF00A201F4 /* Weather.swift */ = {isa = PBXFileReference; fileEncoding = 4; lastKnownFileType = sourcecode.swift; path = Weather.swift; sourceTree = "<group>"; };
		DD4DD1D81DC2DE65004640F6 /* BlueTrailTest.app */ = {isa = PBXFileReference; explicitFileType = wrapper.application; includeInIndex = 0; path = BlueTrailTest.app; sourceTree = BUILT_PRODUCTS_DIR; };
		DD4DD1DB1DC2DE65004640F6 /* AppDelegate.swift */ = {isa = PBXFileReference; lastKnownFileType = sourcecode.swift; path = AppDelegate.swift; sourceTree = "<group>"; };
		DD4DD1E01DC2DE65004640F6 /* Base */ = {isa = PBXFileReference; lastKnownFileType = file.storyboard; name = Base; path = Base.lproj/Main.storyboard; sourceTree = "<group>"; };
		DD4DD1E21DC2DE65004640F6 /* Assets.xcassets */ = {isa = PBXFileReference; lastKnownFileType = folder.assetcatalog; path = Assets.xcassets; sourceTree = "<group>"; };
		DD4DD1E51DC2DE65004640F6 /* Base */ = {isa = PBXFileReference; lastKnownFileType = file.storyboard; name = Base; path = Base.lproj/LaunchScreen.storyboard; sourceTree = "<group>"; };
		DD4DD1E71DC2DE65004640F6 /* Info.plist */ = {isa = PBXFileReference; lastKnownFileType = text.plist.xml; path = Info.plist; sourceTree = "<group>"; };
		DD4DD1EC1DC2DE65004640F6 /* BlueTrailTestTests.xctest */ = {isa = PBXFileReference; explicitFileType = wrapper.cfbundle; includeInIndex = 0; path = BlueTrailTestTests.xctest; sourceTree = BUILT_PRODUCTS_DIR; };
		DD4DD1F01DC2DE65004640F6 /* BlueTrailTestTests.swift */ = {isa = PBXFileReference; lastKnownFileType = sourcecode.swift; path = BlueTrailTestTests.swift; sourceTree = "<group>"; };
		DD4DD1F21DC2DE65004640F6 /* Info.plist */ = {isa = PBXFileReference; lastKnownFileType = text.plist.xml; path = Info.plist; sourceTree = "<group>"; };
		DD4DD1F71DC2DE65004640F6 /* BlueTrailTestUITests.xctest */ = {isa = PBXFileReference; explicitFileType = wrapper.cfbundle; includeInIndex = 0; path = BlueTrailTestUITests.xctest; sourceTree = BUILT_PRODUCTS_DIR; };
		DD4DD1FB1DC2DE65004640F6 /* BlueTrailTestUITests.swift */ = {isa = PBXFileReference; lastKnownFileType = sourcecode.swift; path = BlueTrailTestUITests.swift; sourceTree = "<group>"; };
		DD4DD1FD1DC2DE65004640F6 /* Info.plist */ = {isa = PBXFileReference; lastKnownFileType = text.plist.xml; path = Info.plist; sourceTree = "<group>"; };
		DD70BC6D1DD8D3E300499BCA /* auxFunctions.swift */ = {isa = PBXFileReference; fileEncoding = 4; lastKnownFileType = sourcecode.swift; path = auxFunctions.swift; sourceTree = "<group>"; };
		DD70BC6F1DD90C2B00499BCA /* DetailViewController.swift */ = {isa = PBXFileReference; fileEncoding = 4; lastKnownFileType = sourcecode.swift; path = DetailViewController.swift; sourceTree = "<group>"; };
		F021EAF8AA5B0A127E0FEC69 /* Pods_BlueTrailTestUITests.framework */ = {isa = PBXFileReference; explicitFileType = wrapper.framework; includeInIndex = 0; path = Pods_BlueTrailTestUITests.framework; sourceTree = BUILT_PRODUCTS_DIR; };
		FCAC7F9D4EC8A291CC098E55 /* Pods-BlueTrailTest.release.xcconfig */ = {isa = PBXFileReference; includeInIndex = 1; lastKnownFileType = text.xcconfig; name = "Pods-BlueTrailTest.release.xcconfig"; path = "Pods/Target Support Files/Pods-BlueTrailTest/Pods-BlueTrailTest.release.xcconfig"; sourceTree = "<group>"; };
/* End PBXFileReference section */

/* Begin PBXFrameworksBuildPhase section */
		DD4DD1D51DC2DE65004640F6 /* Frameworks */ = {
			isa = PBXFrameworksBuildPhase;
			buildActionMask = 2147483647;
			files = (
				481698FC6E96656896345E3C /* Pods_BlueTrailTest.framework in Frameworks */,
			);
			runOnlyForDeploymentPostprocessing = 0;
		};
		DD4DD1E91DC2DE65004640F6 /* Frameworks */ = {
			isa = PBXFrameworksBuildPhase;
			buildActionMask = 2147483647;
			files = (
				17F735C575DBB4BF93E3E9F3 /* Pods_BlueTrailTestTests.framework in Frameworks */,
			);
			runOnlyForDeploymentPostprocessing = 0;
		};
		DD4DD1F41DC2DE65004640F6 /* Frameworks */ = {
			isa = PBXFrameworksBuildPhase;
			buildActionMask = 2147483647;
			files = (
				3240B93F8A7D04105C5C94C1 /* Pods_BlueTrailTestUITests.framework in Frameworks */,
			);
			runOnlyForDeploymentPostprocessing = 0;
		};
/* End PBXFrameworksBuildPhase section */

/* Begin PBXGroup section */
		2FE1C5AF67FA0373027311F4 /* Pods */ = {
			isa = PBXGroup;
			children = (
				D73CAC5F99332295BEC248AF /* Pods-BlueTrailTest.debug.xcconfig */,
				FCAC7F9D4EC8A291CC098E55 /* Pods-BlueTrailTest.release.xcconfig */,
				064CF2CE5489097905550768 /* Pods-BlueTrailTestTests.debug.xcconfig */,
				DC467921E3321B01DD220410 /* Pods-BlueTrailTestTests.release.xcconfig */,
				DA738038A3BD61D043546A5B /* Pods-BlueTrailTestUITests.debug.xcconfig */,
				CD269C9873677EDF39B9D60F /* Pods-BlueTrailTestUITests.release.xcconfig */,
			);
			name = Pods;
			sourceTree = "<group>";
		};
		A1CEFC73AF61D951246F5ED4 /* Frameworks */ = {
			isa = PBXGroup;
			children = (
				8283BC16C6AA518195E7B6C1 /* Pods_BlueTrailTest.framework */,
				926874FF7F767A26B497B29A /* Pods_BlueTrailTestTests.framework */,
				F021EAF8AA5B0A127E0FEC69 /* Pods_BlueTrailTestUITests.framework */,
			);
			name = Frameworks;
			sourceTree = "<group>";
		};
		DD4DD1CF1DC2DE65004640F6 = {
			isa = PBXGroup;
			children = (
				DD4DD1DA1DC2DE65004640F6 /* BlueTrailTest */,
				DD4DD1EF1DC2DE65004640F6 /* BlueTrailTestTests */,
				DD4DD1FA1DC2DE65004640F6 /* BlueTrailTestUITests */,
				DD4DD1D91DC2DE65004640F6 /* Products */,
				2FE1C5AF67FA0373027311F4 /* Pods */,
				A1CEFC73AF61D951246F5ED4 /* Frameworks */,
			);
			sourceTree = "<group>";
		};
		DD4DD1D91DC2DE65004640F6 /* Products */ = {
			isa = PBXGroup;
			children = (
				DD4DD1D81DC2DE65004640F6 /* BlueTrailTest.app */,
				DD4DD1EC1DC2DE65004640F6 /* BlueTrailTestTests.xctest */,
				DD4DD1F71DC2DE65004640F6 /* BlueTrailTestUITests.xctest */,
			);
			name = Products;
			sourceTree = "<group>";
		};
		DD4DD1DA1DC2DE65004640F6 /* BlueTrailTest */ = {
			isa = PBXGroup;
			children = (
				DD4DD1DB1DC2DE65004640F6 /* AppDelegate.swift */,
				DD04BF731DC2E85C00A201F4 /* TableViewController.swift */,
				DD70BC6F1DD90C2B00499BCA /* DetailViewController.swift */,
				DD04BF751DC2ECAF00A201F4 /* Weather.swift */,
				DD70BC6D1DD8D3E300499BCA /* auxFunctions.swift */,
				DD4DD1DF1DC2DE65004640F6 /* Main.storyboard */,
				DD4DD1E21DC2DE65004640F6 /* Assets.xcassets */,
				DD4DD1E41DC2DE65004640F6 /* LaunchScreen.storyboard */,
				DD4DD1E71DC2DE65004640F6 /* Info.plist */,
			);
			path = BlueTrailTest;
			sourceTree = "<group>";
		};
		DD4DD1EF1DC2DE65004640F6 /* BlueTrailTestTests */ = {
			isa = PBXGroup;
			children = (
				DD4DD1F01DC2DE65004640F6 /* BlueTrailTestTests.swift */,
				DD4DD1F21DC2DE65004640F6 /* Info.plist */,
			);
			path = BlueTrailTestTests;
			sourceTree = "<group>";
		};
		DD4DD1FA1DC2DE65004640F6 /* BlueTrailTestUITests */ = {
			isa = PBXGroup;
			children = (
				DD4DD1FB1DC2DE65004640F6 /* BlueTrailTestUITests.swift */,
				DD4DD1FD1DC2DE65004640F6 /* Info.plist */,
			);
			path = BlueTrailTestUITests;
			sourceTree = "<group>";
		};
/* End PBXGroup section */

/* Begin PBXNativeTarget section */
		DD4DD1D71DC2DE65004640F6 /* BlueTrailTest */ = {
			isa = PBXNativeTarget;
			buildConfigurationList = DD4DD2001DC2DE65004640F6 /* Build configuration list for PBXNativeTarget "BlueTrailTest" */;
			buildPhases = (
				AA55241ED5216F0EE5307C5A /* [CP] Check Pods Manifest.lock */,
				DD4DD1D41DC2DE65004640F6 /* Sources */,
				DD4DD1D51DC2DE65004640F6 /* Frameworks */,
				DD4DD1D61DC2DE65004640F6 /* Resources */,
				F43451EC071A75CF684B7CDD /* [CP] Embed Pods Frameworks */,
				B65B9C1458C0487C511F6531 /* [CP] Copy Pods Resources */,
			);
			buildRules = (
			);
			dependencies = (
			);
			name = BlueTrailTest;
			productName = BlueTrailTest;
			productReference = DD4DD1D81DC2DE65004640F6 /* BlueTrailTest.app */;
			productType = "com.apple.product-type.application";
		};
		DD4DD1EB1DC2DE65004640F6 /* BlueTrailTestTests */ = {
			isa = PBXNativeTarget;
			buildConfigurationList = DD4DD2031DC2DE65004640F6 /* Build configuration list for PBXNativeTarget "BlueTrailTestTests" */;
			buildPhases = (
				43603317DC7FA9746018BE31 /* [CP] Check Pods Manifest.lock */,
				DD4DD1E81DC2DE65004640F6 /* Sources */,
				DD4DD1E91DC2DE65004640F6 /* Frameworks */,
				DD4DD1EA1DC2DE65004640F6 /* Resources */,
				60C094FE37573ABF7909A5B4 /* [CP] Embed Pods Frameworks */,
				86F484A56DB26573569F8CDF /* [CP] Copy Pods Resources */,
			);
			buildRules = (
			);
			dependencies = (
				DD4DD1EE1DC2DE65004640F6 /* PBXTargetDependency */,
			);
			name = BlueTrailTestTests;
			productName = BlueTrailTestTests;
			productReference = DD4DD1EC1DC2DE65004640F6 /* BlueTrailTestTests.xctest */;
			productType = "com.apple.product-type.bundle.unit-test";
		};
		DD4DD1F61DC2DE65004640F6 /* BlueTrailTestUITests */ = {
			isa = PBXNativeTarget;
			buildConfigurationList = DD4DD2061DC2DE65004640F6 /* Build configuration list for PBXNativeTarget "BlueTrailTestUITests" */;
			buildPhases = (
				C94783B9A955B17E3ECE7D28 /* [CP] Check Pods Manifest.lock */,
				DD4DD1F31DC2DE65004640F6 /* Sources */,
				DD4DD1F41DC2DE65004640F6 /* Frameworks */,
				DD4DD1F51DC2DE65004640F6 /* Resources */,
				E5014461BA661580E6E05B41 /* [CP] Embed Pods Frameworks */,
				E6C8F41E835320C4818A195D /* [CP] Copy Pods Resources */,
			);
			buildRules = (
			);
			dependencies = (
				DD4DD1F91DC2DE65004640F6 /* PBXTargetDependency */,
			);
			name = BlueTrailTestUITests;
			productName = BlueTrailTestUITests;
			productReference = DD4DD1F71DC2DE65004640F6 /* BlueTrailTestUITests.xctest */;
			productType = "com.apple.product-type.bundle.ui-testing";
		};
/* End PBXNativeTarget section */

/* Begin PBXProject section */
		DD4DD1D01DC2DE65004640F6 /* Project object */ = {
			isa = PBXProject;
			attributes = {
				LastSwiftUpdateCheck = 0800;
				LastUpgradeCheck = 0810;
				ORGANIZATIONNAME = "Vlcek Guadalupe";
				TargetAttributes = {
					DD4DD1D71DC2DE65004640F6 = {
						CreatedOnToolsVersion = 8.0;
						DevelopmentTeam = M5Q9NPJJ53;
						ProvisioningStyle = Automatic;
					};
					DD4DD1EB1DC2DE65004640F6 = {
						CreatedOnToolsVersion = 8.0;
						DevelopmentTeam = 363T9DTZQA;
						ProvisioningStyle = Automatic;
						TestTargetID = DD4DD1D71DC2DE65004640F6;
					};
					DD4DD1F61DC2DE65004640F6 = {
						CreatedOnToolsVersion = 8.0;
						ProvisioningStyle = Automatic;
						TestTargetID = DD4DD1D71DC2DE65004640F6;
					};
				};
			};
			buildConfigurationList = DD4DD1D31DC2DE65004640F6 /* Build configuration list for PBXProject "BlueTrailTest" */;
			compatibilityVersion = "Xcode 3.2";
			developmentRegion = English;
			hasScannedForEncodings = 0;
			knownRegions = (
				en,
				Base,
			);
			mainGroup = DD4DD1CF1DC2DE65004640F6;
			productRefGroup = DD4DD1D91DC2DE65004640F6 /* Products */;
			projectDirPath = "";
			projectRoot = "";
			targets = (
				DD4DD1D71DC2DE65004640F6 /* BlueTrailTest */,
				DD4DD1EB1DC2DE65004640F6 /* BlueTrailTestTests */,
				DD4DD1F61DC2DE65004640F6 /* BlueTrailTestUITests */,
			);
		};
/* End PBXProject section */

/* Begin PBXResourcesBuildPhase section */
		DD4DD1D61DC2DE65004640F6 /* Resources */ = {
			isa = PBXResourcesBuildPhase;
			buildActionMask = 2147483647;
			files = (
				DD4DD1E61DC2DE65004640F6 /* LaunchScreen.storyboard in Resources */,
				DD4DD1E31DC2DE65004640F6 /* Assets.xcassets in Resources */,
				DD4DD1E11DC2DE65004640F6 /* Main.storyboard in Resources */,
			);
			runOnlyForDeploymentPostprocessing = 0;
		};
		DD4DD1EA1DC2DE65004640F6 /* Resources */ = {
			isa = PBXResourcesBuildPhase;
			buildActionMask = 2147483647;
			files = (
			);
			runOnlyForDeploymentPostprocessing = 0;
		};
		DD4DD1F51DC2DE65004640F6 /* Resources */ = {
			isa = PBXResourcesBuildPhase;
			buildActionMask = 2147483647;
			files = (
			);
			runOnlyForDeploymentPostprocessing = 0;
		};
/* End PBXResourcesBuildPhase section */

/* Begin PBXShellScriptBuildPhase section */
		43603317DC7FA9746018BE31 /* [CP] Check Pods Manifest.lock */ = {
			isa = PBXShellScriptBuildPhase;
			buildActionMask = 2147483647;
			files = (
			);
			inputPaths = (
			);
			name = "[CP] Check Pods Manifest.lock";
			outputPaths = (
			);
			runOnlyForDeploymentPostprocessing = 0;
			shellPath = /bin/sh;
			shellScript = "diff \"${PODS_ROOT}/../Podfile.lock\" \"${PODS_ROOT}/Manifest.lock\" > /dev/null\nif [ $? != 0 ] ; then\n    # print error to STDERR\n    echo \"error: The sandbox is not in sync with the Podfile.lock. Run 'pod install' or update your CocoaPods installation.\" >&2\n    exit 1\nfi\n";
			showEnvVarsInLog = 0;
		};
		60C094FE37573ABF7909A5B4 /* [CP] Embed Pods Frameworks */ = {
			isa = PBXShellScriptBuildPhase;
			buildActionMask = 2147483647;
			files = (
			);
			inputPaths = (
			);
			name = "[CP] Embed Pods Frameworks";
			outputPaths = (
			);
			runOnlyForDeploymentPostprocessing = 0;
			shellPath = /bin/sh;
			shellScript = "\"${SRCROOT}/Pods/Target Support Files/Pods-BlueTrailTestTests/Pods-BlueTrailTestTests-frameworks.sh\"\n";
			showEnvVarsInLog = 0;
		};
		86F484A56DB26573569F8CDF /* [CP] Copy Pods Resources */ = {
			isa = PBXShellScriptBuildPhase;
			buildActionMask = 2147483647;
			files = (
			);
			inputPaths = (
			);
			name = "[CP] Copy Pods Resources";
			outputPaths = (
			);
			runOnlyForDeploymentPostprocessing = 0;
			shellPath = /bin/sh;
			shellScript = "\"${SRCROOT}/Pods/Target Support Files/Pods-BlueTrailTestTests/Pods-BlueTrailTestTests-resources.sh\"\n";
			showEnvVarsInLog = 0;
		};
		AA55241ED5216F0EE5307C5A /* [CP] Check Pods Manifest.lock */ = {
			isa = PBXShellScriptBuildPhase;
			buildActionMask = 2147483647;
			files = (
			);
			inputPaths = (
			);
			name = "[CP] Check Pods Manifest.lock";
			outputPaths = (
			);
			runOnlyForDeploymentPostprocessing = 0;
			shellPath = /bin/sh;
			shellScript = "diff \"${PODS_ROOT}/../Podfile.lock\" \"${PODS_ROOT}/Manifest.lock\" > /dev/null\nif [ $? != 0 ] ; then\n    # print error to STDERR\n    echo \"error: The sandbox is not in sync with the Podfile.lock. Run 'pod install' or update your CocoaPods installation.\" >&2\n    exit 1\nfi\n";
			showEnvVarsInLog = 0;
		};
		B65B9C1458C0487C511F6531 /* [CP] Copy Pods Resources */ = {
			isa = PBXShellScriptBuildPhase;
			buildActionMask = 2147483647;
			files = (
			);
			inputPaths = (
			);
			name = "[CP] Copy Pods Resources";
			outputPaths = (
			);
			runOnlyForDeploymentPostprocessing = 0;
			shellPath = /bin/sh;
			shellScript = "\"${SRCROOT}/Pods/Target Support Files/Pods-BlueTrailTest/Pods-BlueTrailTest-resources.sh\"\n";
			showEnvVarsInLog = 0;
		};
		C94783B9A955B17E3ECE7D28 /* [CP] Check Pods Manifest.lock */ = {
			isa = PBXShellScriptBuildPhase;
			buildActionMask = 2147483647;
			files = (
			);
			inputPaths = (
			);
			name = "[CP] Check Pods Manifest.lock";
			outputPaths = (
			);
			runOnlyForDeploymentPostprocessing = 0;
			shellPath = /bin/sh;
			shellScript = "diff \"${PODS_ROOT}/../Podfile.lock\" \"${PODS_ROOT}/Manifest.lock\" > /dev/null\nif [ $? != 0 ] ; then\n    # print error to STDERR\n    echo \"error: The sandbox is not in sync with the Podfile.lock. Run 'pod install' or update your CocoaPods installation.\" >&2\n    exit 1\nfi\n";
			showEnvVarsInLog = 0;
		};
		E5014461BA661580E6E05B41 /* [CP] Embed Pods Frameworks */ = {
			isa = PBXShellScriptBuildPhase;
			buildActionMask = 2147483647;
			files = (
			);
			inputPaths = (
			);
			name = "[CP] Embed Pods Frameworks";
			outputPaths = (
			);
			runOnlyForDeploymentPostprocessing = 0;
			shellPath = /bin/sh;
			shellScript = "\"${SRCROOT}/Pods/Target Support Files/Pods-BlueTrailTestUITests/Pods-BlueTrailTestUITests-frameworks.sh\"\n";
			showEnvVarsInLog = 0;
		};
		E6C8F41E835320C4818A195D /* [CP] Copy Pods Resources */ = {
			isa = PBXShellScriptBuildPhase;
			buildActionMask = 2147483647;
			files = (
			);
			inputPaths = (
			);
			name = "[CP] Copy Pods Resources";
			outputPaths = (
			);
			runOnlyForDeploymentPostprocessing = 0;
			shellPath = /bin/sh;
			shellScript = "\"${SRCROOT}/Pods/Target Support Files/Pods-BlueTrailTestUITests/Pods-BlueTrailTestUITests-resources.sh\"\n";
			showEnvVarsInLog = 0;
		};
		F43451EC071A75CF684B7CDD /* [CP] Embed Pods Frameworks */ = {
			isa = PBXShellScriptBuildPhase;
			buildActionMask = 2147483647;
			files = (
			);
			inputPaths = (
			);
			name = "[CP] Embed Pods Frameworks";
			outputPaths = (
			);
			runOnlyForDeploymentPostprocessing = 0;
			shellPath = /bin/sh;
			shellScript = "\"${SRCROOT}/Pods/Target Support Files/Pods-BlueTrailTest/Pods-BlueTrailTest-frameworks.sh\"\n";
			showEnvVarsInLog = 0;
		};
/* End PBXShellScriptBuildPhase section */

/* Begin PBXSourcesBuildPhase section */
		DD4DD1D41DC2DE65004640F6 /* Sources */ = {
			isa = PBXSourcesBuildPhase;
			buildActionMask = 2147483647;
			files = (
				DD04BF741DC2E85C00A201F4 /* TableViewController.swift in Sources */,
				DD04BF761DC2ECAF00A201F4 /* Weather.swift in Sources */,
				DD70BC701DD90C2B00499BCA /* DetailViewController.swift in Sources */,
				DD4DD1DC1DC2DE65004640F6 /* AppDelegate.swift in Sources */,
				DD70BC6E1DD8D3E300499BCA /* auxFunctions.swift in Sources */,
			);
			runOnlyForDeploymentPostprocessing = 0;
		};
		DD4DD1E81DC2DE65004640F6 /* Sources */ = {
			isa = PBXSourcesBuildPhase;
			buildActionMask = 2147483647;
			files = (
				DD4DD1F11DC2DE65004640F6 /* BlueTrailTestTests.swift in Sources */,
			);
			runOnlyForDeploymentPostprocessing = 0;
		};
		DD4DD1F31DC2DE65004640F6 /* Sources */ = {
			isa = PBXSourcesBuildPhase;
			buildActionMask = 2147483647;
			files = (
				DD4DD1FC1DC2DE65004640F6 /* BlueTrailTestUITests.swift in Sources */,
			);
			runOnlyForDeploymentPostprocessing = 0;
		};
/* End PBXSourcesBuildPhase section */

/* Begin PBXTargetDependency section */
		DD4DD1EE1DC2DE65004640F6 /* PBXTargetDependency */ = {
			isa = PBXTargetDependency;
			target = DD4DD1D71DC2DE65004640F6 /* BlueTrailTest */;
			targetProxy = DD4DD1ED1DC2DE65004640F6 /* PBXContainerItemProxy */;
		};
		DD4DD1F91DC2DE65004640F6 /* PBXTargetDependency */ = {
			isa = PBXTargetDependency;
			target = DD4DD1D71DC2DE65004640F6 /* BlueTrailTest */;
			targetProxy = DD4DD1F81DC2DE65004640F6 /* PBXContainerItemProxy */;
		};
/* End PBXTargetDependency section */

/* Begin PBXVariantGroup section */
		DD4DD1DF1DC2DE65004640F6 /* Main.storyboard */ = {
			isa = PBXVariantGroup;
			children = (
				DD4DD1E01DC2DE65004640F6 /* Base */,
			);
			name = Main.storyboard;
			sourceTree = "<group>";
		};
		DD4DD1E41DC2DE65004640F6 /* LaunchScreen.storyboard */ = {
			isa = PBXVariantGroup;
			children = (
				DD4DD1E51DC2DE65004640F6 /* Base */,
			);
			name = LaunchScreen.storyboard;
			sourceTree = "<group>";
		};
/* End PBXVariantGroup section */

/* Begin XCBuildConfiguration section */
		DD4DD1FE1DC2DE65004640F6 /* Debug */ = {
			isa = XCBuildConfiguration;
			buildSettings = {
				ALWAYS_SEARCH_USER_PATHS = NO;
				CLANG_ANALYZER_NONNULL = YES;
				CLANG_CXX_LANGUAGE_STANDARD = "gnu++0x";
				CLANG_CXX_LIBRARY = "libc++";
				CLANG_ENABLE_MODULES = YES;
				CLANG_ENABLE_OBJC_ARC = YES;
				CLANG_WARN_BOOL_CONVERSION = YES;
				CLANG_WARN_CONSTANT_CONVERSION = YES;
				CLANG_WARN_DIRECT_OBJC_ISA_USAGE = YES_ERROR;
				CLANG_WARN_DOCUMENTATION_COMMENTS = YES;
				CLANG_WARN_EMPTY_BODY = YES;
				CLANG_WARN_ENUM_CONVERSION = YES;
				CLANG_WARN_INFINITE_RECURSION = YES;
				CLANG_WARN_INT_CONVERSION = YES;
				CLANG_WARN_OBJC_ROOT_CLASS = YES_ERROR;
				CLANG_WARN_SUSPICIOUS_MOVE = YES;
				CLANG_WARN_SUSPICIOUS_MOVES = YES;
				CLANG_WARN_UNREACHABLE_CODE = YES;
				CLANG_WARN__DUPLICATE_METHOD_MATCH = YES;
				CODE_SIGN_IDENTITY = "iPhone Developer";
				"CODE_SIGN_IDENTITY[sdk=iphoneos*]" = "iPhone Developer";
				COPY_PHASE_STRIP = NO;
				DEBUG_INFORMATION_FORMAT = dwarf;
				ENABLE_STRICT_OBJC_MSGSEND = YES;
				ENABLE_TESTABILITY = YES;
				GCC_C_LANGUAGE_STANDARD = gnu99;
				GCC_DYNAMIC_NO_PIC = NO;
				GCC_NO_COMMON_BLOCKS = YES;
				GCC_OPTIMIZATION_LEVEL = 0;
				GCC_PREPROCESSOR_DEFINITIONS = (
					"DEBUG=1",
					"$(inherited)",
				);
				GCC_WARN_64_TO_32_BIT_CONVERSION = YES;
				GCC_WARN_ABOUT_RETURN_TYPE = YES_ERROR;
				GCC_WARN_UNDECLARED_SELECTOR = YES;
				GCC_WARN_UNINITIALIZED_AUTOS = YES_AGGRESSIVE;
				GCC_WARN_UNUSED_FUNCTION = YES;
				GCC_WARN_UNUSED_VARIABLE = YES;
				IPHONEOS_DEPLOYMENT_TARGET = 10.1;
				MTL_ENABLE_DEBUG_INFO = YES;
				ONLY_ACTIVE_ARCH = YES;
				SDKROOT = iphoneos;
				SWIFT_ACTIVE_COMPILATION_CONDITIONS = DEBUG;
				SWIFT_OPTIMIZATION_LEVEL = "-Onone";
			};
			name = Debug;
		};
		DD4DD1FF1DC2DE65004640F6 /* Release */ = {
			isa = XCBuildConfiguration;
			buildSettings = {
				ALWAYS_SEARCH_USER_PATHS = NO;
				CLANG_ANALYZER_NONNULL = YES;
				CLANG_CXX_LANGUAGE_STANDARD = "gnu++0x";
				CLANG_CXX_LIBRARY = "libc++";
				CLANG_ENABLE_MODULES = YES;
				CLANG_ENABLE_OBJC_ARC = YES;
				CLANG_WARN_BOOL_CONVERSION = YES;
				CLANG_WARN_CONSTANT_CONVERSION = YES;
				CLANG_WARN_DIRECT_OBJC_ISA_USAGE = YES_ERROR;
				CLANG_WARN_DOCUMENTATION_COMMENTS = YES;
				CLANG_WARN_EMPTY_BODY = YES;
				CLANG_WARN_ENUM_CONVERSION = YES;
				CLANG_WARN_INFINITE_RECURSION = YES;
				CLANG_WARN_INT_CONVERSION = YES;
				CLANG_WARN_OBJC_ROOT_CLASS = YES_ERROR;
				CLANG_WARN_SUSPICIOUS_MOVE = YES;
				CLANG_WARN_SUSPICIOUS_MOVES = YES;
				CLANG_WARN_UNREACHABLE_CODE = YES;
				CLANG_WARN__DUPLICATE_METHOD_MATCH = YES;
				CODE_SIGN_IDENTITY = "iPhone Developer";
				"CODE_SIGN_IDENTITY[sdk=iphoneos*]" = "iPhone Developer";
				COPY_PHASE_STRIP = NO;
				DEBUG_INFORMATION_FORMAT = "dwarf-with-dsym";
				ENABLE_NS_ASSERTIONS = NO;
				ENABLE_STRICT_OBJC_MSGSEND = YES;
				GCC_C_LANGUAGE_STANDARD = gnu99;
				GCC_NO_COMMON_BLOCKS = YES;
				GCC_WARN_64_TO_32_BIT_CONVERSION = YES;
				GCC_WARN_ABOUT_RETURN_TYPE = YES_ERROR;
				GCC_WARN_UNDECLARED_SELECTOR = YES;
				GCC_WARN_UNINITIALIZED_AUTOS = YES_AGGRESSIVE;
				GCC_WARN_UNUSED_FUNCTION = YES;
				GCC_WARN_UNUSED_VARIABLE = YES;
				IPHONEOS_DEPLOYMENT_TARGET = 10.1;
				MTL_ENABLE_DEBUG_INFO = NO;
				ONLY_ACTIVE_ARCH = YES;
				SDKROOT = iphoneos;
				SWIFT_OPTIMIZATION_LEVEL = "-Owholemodule";
				VALIDATE_PRODUCT = YES;
			};
			name = Release;
		};
		DD4DD2011DC2DE65004640F6 /* Debug */ = {
			isa = XCBuildConfiguration;
			baseConfigurationReference = D73CAC5F99332295BEC248AF /* Pods-BlueTrailTest.debug.xcconfig */;
			buildSettings = {
				ALWAYS_EMBED_SWIFT_STANDARD_LIBRARIES = YES;
				ASSETCATALOG_COMPILER_APPICON_NAME = AppIcon;
				"CODE_SIGN_IDENTITY[sdk=iphoneos*]" = "iPhone Developer";
				DEVELOPMENT_TEAM = M5Q9NPJJ53;
				INFOPLIST_FILE = BlueTrailTest/Info.plist;
				IPHONEOS_DEPLOYMENT_TARGET = 10.1;
				LD_RUNPATH_SEARCH_PATHS = "$(inherited) @executable_path/Frameworks";
				PRODUCT_BUNDLE_IDENTIFIER = com.vlcek.BlueTrailTest;
				PRODUCT_NAME = "$(TARGET_NAME)";
				SWIFT_VERSION = 3.0;
				TARGETED_DEVICE_FAMILY = 1;
			};
			name = Debug;
		};
		DD4DD2021DC2DE65004640F6 /* Release */ = {
			isa = XCBuildConfiguration;
			baseConfigurationReference = FCAC7F9D4EC8A291CC098E55 /* Pods-BlueTrailTest.release.xcconfig */;
			buildSettings = {
				ALWAYS_EMBED_SWIFT_STANDARD_LIBRARIES = YES;
				ASSETCATALOG_COMPILER_APPICON_NAME = AppIcon;
				"CODE_SIGN_IDENTITY[sdk=iphoneos*]" = "iPhone Developer";
				DEVELOPMENT_TEAM = M5Q9NPJJ53;
				INFOPLIST_FILE = BlueTrailTest/Info.plist;
				IPHONEOS_DEPLOYMENT_TARGET = 10.1;
				LD_RUNPATH_SEARCH_PATHS = "$(inherited) @executable_path/Frameworks";
				PRODUCT_BUNDLE_IDENTIFIER = com.vlcek.BlueTrailTest;
				PRODUCT_NAME = "$(TARGET_NAME)";
				SWIFT_VERSION = 3.0;
				TARGETED_DEVICE_FAMILY = 1;
			};
			name = Release;
		};
		DD4DD2041DC2DE65004640F6 /* Debug */ = {
			isa = XCBuildConfiguration;
			baseConfigurationReference = 064CF2CE5489097905550768 /* Pods-BlueTrailTestTests.debug.xcconfig */;
			buildSettings = {
				ALWAYS_EMBED_SWIFT_STANDARD_LIBRARIES = YES;
				BUNDLE_LOADER = "$(TEST_HOST)";
				DEVELOPMENT_TEAM = 363T9DTZQA;
				INFOPLIST_FILE = BlueTrailTestTests/Info.plist;
				LD_RUNPATH_SEARCH_PATHS = "$(inherited) @executable_path/Frameworks @loader_path/Frameworks";
				PRODUCT_BUNDLE_IDENTIFIER = com.vlcek.BlueTrailTestTests;
				PRODUCT_NAME = "$(TARGET_NAME)";
				SWIFT_VERSION = 3.0;
				TEST_HOST = "$(BUILT_PRODUCTS_DIR)/BlueTrailTest.app/BlueTrailTest";
			};
			name = Debug;
		};
		DD4DD2051DC2DE65004640F6 /* Release */ = {
			isa = XCBuildConfiguration;
			baseConfigurationReference = DC467921E3321B01DD220410 /* Pods-BlueTrailTestTests.release.xcconfig */;
			buildSettings = {
				ALWAYS_EMBED_SWIFT_STANDARD_LIBRARIES = YES;
				BUNDLE_LOADER = "$(TEST_HOST)";
				DEVELOPMENT_TEAM = 363T9DTZQA;
				INFOPLIST_FILE = BlueTrailTestTests/Info.plist;
				LD_RUNPATH_SEARCH_PATHS = "$(inherited) @executable_path/Frameworks @loader_path/Frameworks";
				PRODUCT_BUNDLE_IDENTIFIER = com.vlcek.BlueTrailTestTests;
				PRODUCT_NAME = "$(TARGET_NAME)";
				SWIFT_VERSION = 3.0;
				TEST_HOST = "$(BUILT_PRODUCTS_DIR)/BlueTrailTest.app/BlueTrailTest";
			};
			name = Release;
		};
		DD4DD2071DC2DE65004640F6 /* Debug */ = {
			isa = XCBuildConfiguration;
			baseConfigurationReference = DA738038A3BD61D043546A5B /* Pods-BlueTrailTestUITests.debug.xcconfig */;
			buildSettings = {
				ALWAYS_EMBED_SWIFT_STANDARD_LIBRARIES = YES;
				"CODE_SIGN_IDENTITY[sdk=iphoneos*]" = "iPhone Developer";
				DEVELOPMENT_TEAM = "";
				INFOPLIST_FILE = BlueTrailTestUITests/Info.plist;
				LD_RUNPATH_SEARCH_PATHS = "$(inherited) @executable_path/Frameworks @loader_path/Frameworks";
				PRODUCT_BUNDLE_IDENTIFIER = com.vlcek.BlueTrailTestUITests;
				PRODUCT_NAME = "$(TARGET_NAME)";
				SWIFT_VERSION = 3.0;
				TEST_TARGET_NAME = BlueTrailTest;
			};
			name = Debug;
		};
		DD4DD2081DC2DE65004640F6 /* Release */ = {
			isa = XCBuildConfiguration;
			baseConfigurationReference = CD269C9873677EDF39B9D60F /* Pods-BlueTrailTestUITests.release.xcconfig */;
			buildSettings = {
				ALWAYS_EMBED_SWIFT_STANDARD_LIBRARIES = YES;
				"CODE_SIGN_IDENTITY[sdk=iphoneos*]" = "iPhone Developer";
				DEVELOPMENT_TEAM = "";
				INFOPLIST_FILE = BlueTrailTestUITests/Info.plist;
				LD_RUNPATH_SEARCH_PATHS = "$(inherited) @executable_path/Frameworks @loader_path/Frameworks";
				PRODUCT_BUNDLE_IDENTIFIER = com.vlcek.BlueTrailTestUITests;
				PRODUCT_NAME = "$(TARGET_NAME)";
				SWIFT_VERSION = 3.0;
				TEST_TARGET_NAME = BlueTrailTest;
			};
			name = Release;
		};
/* End XCBuildConfiguration section */

/* Begin XCConfigurationList section */
		DD4DD1D31DC2DE65004640F6 /* Build configuration list for PBXProject "BlueTrailTest" */ = {
			isa = XCConfigurationList;
			buildConfigurations = (
				DD4DD1FE1DC2DE65004640F6 /* Debug */,
				DD4DD1FF1DC2DE65004640F6 /* Release */,
			);
			defaultConfigurationIsVisible = 0;
			defaultConfigurationName = Release;
		};
		DD4DD2001DC2DE65004640F6 /* Build configuration list for PBXNativeTarget "BlueTrailTest" */ = {
			isa = XCConfigurationList;
			buildConfigurations = (
				DD4DD2011DC2DE65004640F6 /* Debug */,
				DD4DD2021DC2DE65004640F6 /* Release */,
			);
			defaultConfigurationIsVisible = 0;
			defaultConfigurationName = Release;
		};
		DD4DD2031DC2DE65004640F6 /* Build configuration list for PBXNativeTarget "BlueTrailTestTests" */ = {
			isa = XCConfigurationList;
			buildConfigurations = (
				DD4DD2041DC2DE65004640F6 /* Debug */,
				DD4DD2051DC2DE65004640F6 /* Release */,
			);
			defaultConfigurationIsVisible = 0;
			defaultConfigurationName = Release;
		};
		DD4DD2061DC2DE65004640F6 /* Build configuration list for PBXNativeTarget "BlueTrailTestUITests" */ = {
			isa = XCConfigurationList;
			buildConfigurations = (
				DD4DD2071DC2DE65004640F6 /* Debug */,
				DD4DD2081DC2DE65004640F6 /* Release */,
			);
			defaultConfigurationIsVisible = 0;
			defaultConfigurationName = Release;
		};
/* End XCConfigurationList section */
	};
	rootObject = DD4DD1D01DC2DE65004640F6 /* Project object */;
}
